
Microsoft Visual Studio Solution File, Format Version 12.00
# Visual Studio Version 17
VisualStudioVersion = 17.9.34607.119
MinimumVisualStudioVersion = 10.0.40219.1
Project("{8BC9CEB8-8B4A-11D0-8D11-00A0C91BC942}") = "Project2", "Project2\Project2.vcxproj", "{12FFF87F-10FB-4D14-B299-D56168AF242B}"
EndProject
Global
	GlobalSection(SolutionConfigurationPlatforms) = preSolution
		Debug|x64 = Debug|x64
		Debug|x86 = Debug|x86
		Release|x64 = Release|x64
		Release|x86 = Release|x86
	EndGlobalSection
	GlobalSection(ProjectConfigurationPlatforms) = postSolution
		{12FFF87F-10FB-4D14-B299-D56168AF242B}.Debug|x64.ActiveCfg = Debug|x64
		{12FFF87F-10FB-4D14-B299-D56168AF242B}.Debug|x64.Build.0 = Debug|x64
		{12FFF87F-10FB-4D14-B299-D56168AF242B}.Debug|x86.ActiveCfg = Debug|Win32
		{12FFF87F-10FB-4D14-B299-D56168AF242B}.Debug|x86.Build.0 = Debug|Win32
		{12FFF87F-10FB-4D14-B299-D56168AF242B}.Release|x64.ActiveCfg = Release|x64
		{12FFF87F-10FB-4D14-B299-D56168AF242B}.Release|x64.Build.0 = Release|x64
		{12FFF87F-10FB-4D14-B299-D56168AF242B}.Release|x86.ActiveCfg = Release|Win32
		{12FFF87F-10FB-4D14-B299-D56168AF242B}.Release|x86.Build.0 = Release|Win32
	EndGlobalSection
	GlobalSection(SolutionProperties) = preSolution
		HideSolutionNode = FALSE
	EndGlobalSection
	GlobalSection(ExtensibilityGlobals) = postSolution
		SolutionGuid = {A9816F67-EA6E-4E01-BC98-097C002EEE48}
	EndGlobalSection
EndGlobal
