
Microsoft Visual Studio Solution File, Format Version 12.00
# Visual Studio Version 17
VisualStudioVersion = 17.9.34607.119
MinimumVisualStudioVersion = 10.0.40219.1
Project("{8BC9CEB8-8B4A-11D0-8D11-00A0C91BC942}") = "Project46_Protected", "Project46_Protected\Project46_Protected.vcxproj", "{82A46D03-9C5A-46ED-92FC-15F52BFAEDB5}"
EndProject
Global
	GlobalSection(SolutionConfigurationPlatforms) = preSolution
		Debug|x64 = Debug|x64
		Debug|x86 = Debug|x86
		Release|x64 = Release|x64
		Release|x86 = Release|x86
	EndGlobalSection
	GlobalSection(ProjectConfigurationPlatforms) = postSolution
		{82A46D03-9C5A-46ED-92FC-15F52BFAEDB5}.Debug|x64.ActiveCfg = Debug|x64
		{82A46D03-9C5A-46ED-92FC-15F52BFAEDB5}.Debug|x64.Build.0 = Debug|x64
		{82A46D03-9C5A-46ED-92FC-15F52BFAEDB5}.Debug|x86.ActiveCfg = Debug|Win32
		{82A46D03-9C5A-46ED-92FC-15F52BFAEDB5}.Debug|x86.Build.0 = Debug|Win32
		{82A46D03-9C5A-46ED-92FC-15F52BFAEDB5}.Release|x64.ActiveCfg = Release|x64
		{82A46D03-9C5A-46ED-92FC-15F52BFAEDB5}.Release|x64.Build.0 = Release|x64
		{82A46D03-9C5A-46ED-92FC-15F52BFAEDB5}.Release|x86.ActiveCfg = Release|Win32
		{82A46D03-9C5A-46ED-92FC-15F52BFAEDB5}.Release|x86.Build.0 = Release|Win32
	EndGlobalSection
	GlobalSection(SolutionProperties) = preSolution
		HideSolutionNode = FALSE
	EndGlobalSection
	GlobalSection(ExtensibilityGlobals) = postSolution
		SolutionGuid = {B3E1E0F3-DFA9-46BD-8989-FC69B3C56128}
	EndGlobalSection
EndGlobal
